
Microsoft Visual Studio Solution File, Format Version 12.00
# Visual Studio Version 17
VisualStudioVersion = 17.4.33213.308
MinimumVisualStudioVersion = 10.0.40219.1
Project("{FAE04EC0-301F-11D3-BF4B-00C04F79EFBC}") = "SeleniumTest", "SeleniumTest\SeleniumTest.csproj", "{03D016BB-717C-4E4B-B257-1E22C37311FC}"
EndProject
Global
	GlobalSection(SolutionConfigurationPlatforms) = preSolution
		Debug|Any CPU = Debug|Any CPU
		Release|Any CPU = Release|Any CPU
	EndGlobalSection
	GlobalSection(ProjectConfigurationPlatforms) = postSolution
		{03D016BB-717C-4E4B-B257-1E22C37311FC}.Debug|Any CPU.ActiveCfg = Debug|Any CPU
		{03D016BB-717C-4E4B-B257-1E22C37311FC}.Debug|Any CPU.Build.0 = Debug|Any CPU
		{03D016BB-717C-4E4B-B257-1E22C37311FC}.Release|Any CPU.ActiveCfg = Release|Any CPU
		{03D016BB-717C-4E4B-B257-1E22C37311FC}.Release|Any CPU.Build.0 = Release|Any CPU
	EndGlobalSection
	GlobalSection(SolutionProperties) = preSolution
		HideSolutionNode = FALSE
	EndGlobalSection
	GlobalSection(ExtensibilityGlobals) = postSolution
		SolutionGuid = {C5D4E9B7-A733-4632-91C0-4A3B6A3F2FDE}
	EndGlobalSection
EndGlobal
